{
  "name": "useraccess",
  "version": "2.0.0",
  "lockfileVersion": 3,
  "requires": true,
  "packages": {
    "": {
      "name": "useraccess",
      "version": "2.0.0",
      "license": "ISC",
      "dependencies": {
        "bootstrap": "^5",
        "simple-datatables": "^10"
      }
    },
    "node_modules/@popperjs/core": {
      "version": "2.11.8",
      "resolved": "https://registry.npmjs.org/@popperjs/core/-/core-2.11.8.tgz",
      "integrity": "sha512-P1st0aksCrn9sGZhp8GMYwBnQsbvAWsZAX44oXNNvLHGqAOcoVxmjZiohstwQ7SqKnbR47akdNi+uleWD8+g6A==",
      "license": "MIT",
      "peer": true,
      "funding": {
        "type": "opencollective",
        "url": "https://opencollective.com/popperjs"
      }
    },
    "node_modules/bootstrap": {
      "version": "5.3.3",
      "resolved": "https://registry.npmjs.org/bootstrap/-/bootstrap-5.3.3.tgz",
      "integrity": "sha512-8HLCdWgyoMguSO9o+aH+iuZ+aht+mzW0u3HIMzVu7Srrpv7EBBxTnrFlSCskwdY1+EOFQSm7uMJhNQHkdPcmjg==",
      "funding": [
        {
          "type": "github",
          "url": "https://github.com/sponsors/twbs"
        },
        {
          "type": "opencollective",
          "url": "https://opencollective.com/bootstrap"
        }
      ],
      "license": "MIT",
      "peerDependencies": {
        "@popperjs/core": "^2.11.8"
      }
    },
    "node_modules/dayjs": {
      "version": "1.11.13",
      "resolved": "https://registry.npmjs.org/dayjs/-/dayjs-1.11.13.tgz",
      "integrity": "sha512-oaMBel6gjolK862uaPQOVTA7q3TZhuSvuMQAAglQDOWYO9A91IrAOUJEyKVlqJlHE0vq5p5UXxzdPfMH/x6xNg==",
      "license": "MIT"
    },
    "node_modules/diff-dom": {
      "version": "5.1.4",
      "resolved": "https://registry.npmjs.org/diff-dom/-/diff-dom-5.1.4.tgz",
      "integrity": "sha512-TSEaVdVGictY1KHg7VpVw2nuM02YKC9C8/qBkGiCnkiAybVbu1zQTMj2/dnVLRO7Z62UsqzHGpXweiOj5/jaZg==",
      "license": "LGPL-3.0"
    },
    "node_modules/simple-datatables": {
      "version": "10.0.0",
      "resolved": "https://registry.npmjs.org/simple-datatables/-/simple-datatables-10.0.0.tgz",
      "integrity": "sha512-Pqzld1ixWz2/dbA3ZB/3m78elfolzbiC0+aBuugj+bF70Yk35J0p8qwrOpaAfSe/8II9WV+nKJ5CYDOeJVx5mw==",
      "license": "LGPL-3.0",
      "dependencies": {
        "dayjs": "^1.11.10",
        "diff-dom": "^5.1.3"
      }
    }
  }
}
