{
  "name": "useraccess",
  "requires": true,
  "lockfileVersion": 1,
  "dependencies": {
    "array-intersect": {
      "version": "0.0.1",
      "resolved": "https://registry.npmjs.org/array-intersect/-/array-intersect-0.0.1.tgz",
      "integrity": "sha512-n7+bHor4z+uofaUyLmUD9H/yEkDFsIHXQVRcK4xLpHgnpkVQA2lkaMTPNg0T3J0tCEVb6oACxeyTmCtspd+BBA=="
    },
    "babel-helper-vue-jsx-merge-props": {
      "version": "2.0.3",
      "resolved": "https://registry.npmjs.org/babel-helper-vue-jsx-merge-props/-/babel-helper-vue-jsx-merge-props-2.0.3.tgz",
      "integrity": "sha512-gsLiKK7Qrb7zYJNgiXKpXblxbV5ffSwR0f5whkPAaBAR4fhi6bwRZxX9wBlIc5M/v8CCkXUbXZL4N/nSE97cqg=="
    },
    "babel-plugin-add-module-exports": {
      "version": "0.2.1",
      "resolved": "https://registry.npmjs.org/babel-plugin-add-module-exports/-/babel-plugin-add-module-exports-0.2.1.tgz",
      "integrity": "sha1-mumh9KjcZ/DN7E9K7aHkOl/2XiU="
    },
    "bootbox": {
      "version": "5.5.2",
      "resolved": "https://registry.npmjs.org/bootbox/-/bootbox-5.5.2.tgz",
      "integrity": "sha512-q8d9VO2A4+q6S0XvovLtqtBUp7uRy0wtDOuuycnoheK2TiAm3um0jOlAOu9ORn9XoT92tdil+p15Dle1mRgSPQ==",
      "requires": {
        "bootstrap": "^4.4.0",
        "jquery": "^3.5.1",
        "popper.js": "^1.16.0"
      }
    },
    "bootstrap": {
      "version": "4.6.0",
      "resolved": "https://registry.npmjs.org/bootstrap/-/bootstrap-4.6.0.tgz",
      "integrity": "sha512-Io55IuQY3kydzHtbGvQya3H+KorS/M9rSNyfCGCg9WZ4pyT/lCxIlpJgG1GXW/PswzC84Tr2fBYi+7+jFVQQBw=="
    },
    "clone": {
      "version": "2.1.2",
      "resolved": "https://registry.npmjs.org/clone/-/clone-2.1.2.tgz",
      "integrity": "sha1-G39Ln1kfHo+DZwQBYANFoCiHQ18="
    },
    "debounce": {
      "version": "1.2.0",
      "resolved": "https://registry.npmjs.org/debounce/-/debounce-1.2.0.tgz",
      "integrity": "sha512-mYtLl1xfZLi1m4RtQYlZgJUNQjl4ZxVnHzIR8nLLgi4q1YT8o/WM+MK/f8yfcc9s5Ir5zRaPZyZU6xs1Syoocg=="
    },
    "font-awesome": {
      "version": "4.7.0",
      "resolved": "https://registry.npmjs.org/font-awesome/-/font-awesome-4.7.0.tgz",
      "integrity": "sha1-j6jPBBGhoxr9B7BtKQK7n8gVoTM="
    },
    "jquery": {
      "version": "3.5.1",
      "resolved": "https://registry.npmjs.org/jquery/-/jquery-3.5.1.tgz",
      "integrity": "sha512-XwIBPqcMn57FxfT+Go5pzySnm4KWkT1Tv7gjrpT1srtf8Weynl6R273VJ5GjkRb51IzMp5nbaPjJXMWeju2MKg=="
    },
    "merge": {
      "version": "1.2.1",
      "resolved": "https://registry.npmjs.org/merge/-/merge-1.2.1.tgz",
      "integrity": "sha512-VjFo4P5Whtj4vsLzsYBu5ayHhoHJ0UqNm7ibvShmbmoz7tGi0vXaoJbGdB+GmDMLUdg8DpQXEIeVDAe8MaABvQ=="
    },
    "popper.js": {
      "version": "1.16.1",
      "resolved": "https://registry.npmjs.org/popper.js/-/popper.js-1.16.1.tgz",
      "integrity": "sha512-Wb4p1J4zyFTbM+u6WuO4XstYx4Ky9Cewe4DWrel7B0w6VVICvPwdOpotjzcf6eD8TsckVnIMNONQyPIUFOUbCQ=="
    },
    "vee-validate": {
      "version": "2.2.15",
      "resolved": "https://registry.npmjs.org/vee-validate/-/vee-validate-2.2.15.tgz",
      "integrity": "sha512-4TOsI8XwVkKVLkg8Nhmy+jyoJrR6XcTRDyxBarzcCvYzU61zamipS1WsB6FlDze8eJQpgglS4NXAS6o4NDPs1g=="
    },
    "vue": {
      "version": "2.6.12",
      "resolved": "https://registry.npmjs.org/vue/-/vue-2.6.12.tgz",
      "integrity": "sha512-uhmLFETqPPNyuLLbsKz6ioJ4q7AZHzD8ZVFNATNyICSZouqP2Sz0rotWQC8UNBF6VGSCs5abnKJoStA6JbCbfg=="
    },
    "vue-i18n": {
      "version": "8.22.4",
      "resolved": "https://registry.npmjs.org/vue-i18n/-/vue-i18n-8.22.4.tgz",
      "integrity": "sha512-XLI5s0AdqMP2Lf4I4CmdmOq8kjb5DDFGR77wAuxCfpEuYSfhTRyyx6MetgZMiL6Lxa0DasjBOiOcciU3NkL3/Q=="
    },
    "vue-pagination-2": {
      "version": "3.0.8",
      "resolved": "https://registry.npmjs.org/vue-pagination-2/-/vue-pagination-2-3.0.8.tgz",
      "integrity": "sha512-vYP0QHuVn163tlylZTUeUjZ8k589+vSYrvDkmC/8c1HMbFY+mSuVryJ8KYuzculVkf2sXwls/rX70DL/sWn+Ng==",
      "requires": {
        "babel-plugin-add-module-exports": "^0.2.1",
        "merge": "^1.2.0",
        "vue": ">=2.0.0",
        "vuex": "^2.0.0"
      }
    },
    "vue-tables-2": {
      "version": "2.1.80",
      "resolved": "https://registry.npmjs.org/vue-tables-2/-/vue-tables-2-2.1.80.tgz",
      "integrity": "sha512-RfW6ucsHLOYrFlhb6cx89LKO0nreUH3V4PgexmAJcu0O1/4lZnUqy45yJ/b40d9fpiUHTip/mJrOlH42/ByQjA==",
      "requires": {
        "array-intersect": "^0.0.1",
        "babel-helper-vue-jsx-merge-props": "^2.0.3",
        "clone": "^2.1.1",
        "debounce": "^1.1",
        "merge": "^1.2.0",
        "vue": "^2.6.10",
        "vue-pagination-2": "^3.0"
      }
    },
    "vuex": {
      "version": "2.5.0",
      "resolved": "https://registry.npmjs.org/vuex/-/vuex-2.5.0.tgz",
      "integrity": "sha512-5oJPOJySBgSgSzoeO+gZB/BbN/XsapgIF6tz34UwJqnGZMQurzIO3B4KIBf862gfc9ya+oduY5sSkq+5/oOilQ=="
    }
  }
}
